
Microsoft Visual Studio Solution File, Format Version 12.00
# Visual Studio 15
VisualStudioVersion = 15.0.28307.779
MinimumVisualStudioVersion = 10.0.40219.1
Project("{FAE04EC0-301F-11D3-BF4B-00C04F79EFBC}") = "UGXTools", "UGXTools\UGXTools.csproj", "{E0BE907C-A0F7-44C8-A9B2-DFCB5D57B439}"
EndProject
Project("{FAE04EC0-301F-11D3-BF4B-00C04F79EFBC}") = "StumpyUGXTools", "StumpyUGXTools\StumpyUGXTools.csproj", "{DA1DB87E-8964-46AB-A47B-7684E4C7B7C3}"
EndProject
Global
	GlobalSection(SolutionConfigurationPlatforms) = preSolution
		Debug|Any CPU = Debug|Any CPU
		Debug|x64 = Debug|x64
		Debug|x86 = Debug|x86
		Release|Any CPU = Release|Any CPU
		Release|x64 = Release|x64
		Release|x86 = Release|x86
	EndGlobalSection
	GlobalSection(ProjectConfigurationPlatforms) = postSolution
		{E0BE907C-A0F7-44C8-A9B2-DFCB5D57B439}.Debug|Any CPU.ActiveCfg = Debug|Any CPU
		{E0BE907C-A0F7-44C8-A9B2-DFCB5D57B439}.Debug|Any CPU.Build.0 = Debug|Any CPU
		{E0BE907C-A0F7-44C8-A9B2-DFCB5D57B439}.Debug|x64.ActiveCfg = Debug|Any CPU
		{E0BE907C-A0F7-44C8-A9B2-DFCB5D57B439}.Debug|x64.Build.0 = Debug|Any CPU
		{E0BE907C-A0F7-44C8-A9B2-DFCB5D57B439}.Debug|x86.ActiveCfg = Debug|Any CPU
		{E0BE907C-A0F7-44C8-A9B2-DFCB5D57B439}.Debug|x86.Build.0 = Debug|Any CPU
		{E0BE907C-A0F7-44C8-A9B2-DFCB5D57B439}.Release|Any CPU.ActiveCfg = Release|Any CPU
		{E0BE907C-A0F7-44C8-A9B2-DFCB5D57B439}.Release|Any CPU.Build.0 = Release|Any CPU
		{E0BE907C-A0F7-44C8-A9B2-DFCB5D57B439}.Release|x64.ActiveCfg = Release|Any CPU
		{E0BE907C-A0F7-44C8-A9B2-DFCB5D57B439}.Release|x64.Build.0 = Release|Any CPU
		{E0BE907C-A0F7-44C8-A9B2-DFCB5D57B439}.Release|x86.ActiveCfg = Release|Any CPU
		{E0BE907C-A0F7-44C8-A9B2-DFCB5D57B439}.Release|x86.Build.0 = Release|Any CPU
		{DA1DB87E-8964-46AB-A47B-7684E4C7B7C3}.Debug|Any CPU.ActiveCfg = Debug|Any CPU
		{DA1DB87E-8964-46AB-A47B-7684E4C7B7C3}.Debug|Any CPU.Build.0 = Debug|Any CPU
		{DA1DB87E-8964-46AB-A47B-7684E4C7B7C3}.Debug|x64.ActiveCfg = Debug|Any CPU
		{DA1DB87E-8964-46AB-A47B-7684E4C7B7C3}.Debug|x64.Build.0 = Debug|Any CPU
		{DA1DB87E-8964-46AB-A47B-7684E4C7B7C3}.Debug|x86.ActiveCfg = Debug|Any CPU
		{DA1DB87E-8964-46AB-A47B-7684E4C7B7C3}.Debug|x86.Build.0 = Debug|Any CPU
		{DA1DB87E-8964-46AB-A47B-7684E4C7B7C3}.Release|Any CPU.ActiveCfg = Release|Any CPU
		{DA1DB87E-8964-46AB-A47B-7684E4C7B7C3}.Release|Any CPU.Build.0 = Release|Any CPU
		{DA1DB87E-8964-46AB-A47B-7684E4C7B7C3}.Release|x64.ActiveCfg = Release|Any CPU
		{DA1DB87E-8964-46AB-A47B-7684E4C7B7C3}.Release|x64.Build.0 = Release|Any CPU
		{DA1DB87E-8964-46AB-A47B-7684E4C7B7C3}.Release|x86.ActiveCfg = Release|Any CPU
		{DA1DB87E-8964-46AB-A47B-7684E4C7B7C3}.Release|x86.Build.0 = Release|Any CPU
	EndGlobalSection
	GlobalSection(SolutionProperties) = preSolution
		HideSolutionNode = FALSE
	EndGlobalSection
	GlobalSection(ExtensibilityGlobals) = postSolution
		SolutionGuid = {7E9B1983-0F11-4B43-82DB-8B78AB415E41}
	EndGlobalSection
EndGlobal
